
Microsoft Visual Studio Solution File, Format Version 12.00
# Visual Studio Version 17
VisualStudioVersion = 17.7.34221.43
MinimumVisualStudioVersion = 10.0.40219.1
Project("{8BC9CEB8-8B4A-11D0-8D11-00A0C91BC942}") = "Sandbox", "Sandbox\Sandbox.vcxproj", "{274765DE-40FD-4EE9-9D05-4EDF927A1C36}"
EndProject
Project("{8BC9CEB8-8B4A-11D0-8D11-00A0C91BC942}") = "Maze", "Maze\Maze.vcxproj", "{9D65E4D1-6D18-4942-BD33-05615ED3A55D}"
EndProject
Global
	GlobalSection(SolutionConfigurationPlatforms) = preSolution
		Debug|x64 = Debug|x64
		Release|x64 = Release|x64
	EndGlobalSection
	GlobalSection(ProjectConfigurationPlatforms) = postSolution
		{9D65E4D1-6D18-4942-BD33-05615ED3A55D}.Debug|x64.ActiveCfg = Debug|x64
		{9D65E4D1-6D18-4942-BD33-05615ED3A55D}.Debug|x64.Build.0 = Debug|x64
		{9D65E4D1-6D18-4942-BD33-05615ED3A55D}.Release|x64.ActiveCfg = Release|x64
		{9D65E4D1-6D18-4942-BD33-05615ED3A55D}.Release|x64.Build.0 = Release|x64
		{274765DE-40FD-4EE9-9D05-4EDF927A1C36}.Debug|x64.ActiveCfg = Debug|x64
		{274765DE-40FD-4EE9-9D05-4EDF927A1C36}.Debug|x64.Build.0 = Debug|x64
		{274765DE-40FD-4EE9-9D05-4EDF927A1C36}.Release|x64.ActiveCfg = Release|x64
		{274765DE-40FD-4EE9-9D05-4EDF927A1C36}.Release|x64.Build.0 = Release|x64
	EndGlobalSection
	GlobalSection(SolutionProperties) = preSolution
		HideSolutionNode = FALSE
	EndGlobalSection
	GlobalSection(ExtensibilityGlobals) = postSolution
		SolutionGuid = {FB535C7A-FCF1-409D-B8CB-6DB0C9C98263}
	EndGlobalSection
EndGlobal
