<?xml version="1.0" encoding="utf-8"?>
<Project ToolsVersion="4.0" xmlns="http://schemas.microsoft.com/developer/msbuild/2003">
  <ItemGroup>
    <Filter Include="Maze">
      <UniqueIdentifier>{72F5887C-5E2C-8A0D-0719-7010F32E060F}</UniqueIdentifier>
    </Filter>
    <Filter Include="Maze\Events">
      <UniqueIdentifier>{16CD0915-8282-820A-0B77-7CE1772B790E}</UniqueIdentifier>
    </Filter>
    <Filter Include="Platform">
      <UniqueIdentifier>{2AC788B4-1694-E3BF-3FAD-D1672BD9184E}</UniqueIdentifier>
    </Filter>
    <Filter Include="Platform\Windows">
      <UniqueIdentifier>{64FBD71A-50F4-F66C-7926-DCF1657ED678}</UniqueIdentifier>
    </Filter>
  </ItemGroup>
  <ItemGroup>
    <ClInclude Include="src\Maze.h" />
    <ClInclude Include="src\Maze\Application.h">
      <Filter>Maze</Filter>
    </ClInclude>
    <ClInclude Include="src\Maze\Core.h">
      <Filter>Maze</Filter>
    </ClInclude>
    <ClInclude Include="src\Maze\EntryPoint.h">
      <Filter>Maze</Filter>
    </ClInclude>
    <ClInclude Include="src\Maze\Events\ApplicationEvent.h">
      <Filter>Maze\Events</Filter>
    </ClInclude>
    <ClInclude Include="src\Maze\Events\Event.h">
      <Filter>Maze\Events</Filter>
    </ClInclude>
    <ClInclude Include="src\Maze\Events\KeyEvent.h">
      <Filter>Maze\Events</Filter>
    </ClInclude>
    <ClInclude Include="src\Maze\Events\MouseEvent.h">
      <Filter>Maze\Events</Filter>
    </ClInclude>
    <ClInclude Include="src\Maze\Layer.h">
      <Filter>Maze</Filter>
    </ClInclude>
    <ClInclude Include="src\Maze\LayerStack.h">
      <Filter>Maze</Filter>
    </ClInclude>
    <ClInclude Include="src\Maze\Log.h">
      <Filter>Maze</Filter>
    </ClInclude>
    <ClInclude Include="src\Maze\Window.h">
      <Filter>Maze</Filter>
    </ClInclude>
    <ClInclude Include="src\Platform\Windows\WindowsWindow.h">
      <Filter>Platform\Windows</Filter>
    </ClInclude>
    <ClInclude Include="src\mzpch.h" />
  </ItemGroup>
  <ItemGroup>
    <ClCompile Include="src\Maze\Application.cpp">
      <Filter>Maze</Filter>
    </ClCompile>
    <ClCompile Include="src\Maze\Layer.cpp">
      <Filter>Maze</Filter>
    </ClCompile>
    <ClCompile Include="src\Maze\LayerStack.cpp">
      <Filter>Maze</Filter>
    </ClCompile>
    <ClCompile Include="src\Maze\Log.cpp">
      <Filter>Maze</Filter>
    </ClCompile>
    <ClCompile Include="src\Platform\Windows\WindowsWindow.cpp">
      <Filter>Platform\Windows</Filter>
    </ClCompile>
    <ClCompile Include="src\mzpch.cpp" />
  </ItemGroup>
</Project>